
Microsoft Visual Studio Solution File, Format Version 12.00
# Visual Studio Version 17
VisualStudioVersion = 17.4.33103.184
MinimumVisualStudioVersion = 10.0.40219.1
Project("{FAE04EC0-301F-11D3-BF4B-00C04F79EFBC}") = "WebApplication", "WebApplication\WebApplication.csproj", "{AD9869FF-F822-4A53-A48B-CDDD1AD0F719}"
EndProject
Global
	GlobalSection(SolutionConfigurationPlatforms) = preSolution
		Debug|Any CPU = Debug|Any CPU
		Release|Any CPU = Release|Any CPU
	EndGlobalSection
	GlobalSection(ProjectConfigurationPlatforms) = postSolution
		{AD9869FF-F822-4A53-A48B-CDDD1AD0F719}.Debug|Any CPU.ActiveCfg = Debug|Any CPU
		{AD9869FF-F822-4A53-A48B-CDDD1AD0F719}.Debug|Any CPU.Build.0 = Debug|Any CPU
		{AD9869FF-F822-4A53-A48B-CDDD1AD0F719}.Release|Any CPU.ActiveCfg = Release|Any CPU
		{AD9869FF-F822-4A53-A48B-CDDD1AD0F719}.Release|Any CPU.Build.0 = Release|Any CPU
	EndGlobalSection
	GlobalSection(SolutionProperties) = preSolution
		HideSolutionNode = FALSE
	EndGlobalSection
	GlobalSection(ExtensibilityGlobals) = postSolution
		SolutionGuid = {74802B41-3779-4528-843E-9A0C6B950077}
	EndGlobalSection
EndGlobal
